{
  "name": "sui-vulnerable-counter",
  "version": "0.0.1",
  "lockfileVersion": 3,
  "requires": true,
  "packages": {
    "": {
      "name": "sui-vulnerable-counter",
      "version": "0.0.1",
      "license": "Apache-2.0",
      "dependencies": {
        "@mamoru-ai/mamoru-evm-sdk-as": "^0.5.2",
        "@mamoru-ai/mamoru-sdk-as": "^0.8.0"
      },
      "devDependencies": {
        "assemblyscript": "^0.27.1"
      }
    },
    "node_modules/@mamoru-ai/mamoru-evm-sdk-as": {
      "version": "0.5.2",
      "resolved": "https://registry.npmjs.org/@mamoru-ai/mamoru-evm-sdk-as/-/mamoru-evm-sdk-as-0.5.2.tgz",
      "integrity": "sha512-FZRPTniza2l5tl2i/ewdgndy7cA6oZP/efkDUn44fVEuTO50nMKf8xjNZ/pLTe0nC+gDmdnAz56NvoLfZhDehQ==",
      "dependencies": {
        "@mamoru-ai/mamoru-sdk-as": "^0.8.0",
        "@wapc/as-msgpack": "^0.1.15",
        "as-base64": "^0.2.0"
      }
    },
    "node_modules/@mamoru-ai/mamoru-sdk-as": {
      "version": "0.8.0",
      "resolved": "https://registry.npmjs.org/@mamoru-ai/mamoru-sdk-as/-/mamoru-sdk-as-0.8.0.tgz",
      "integrity": "sha512-gmmdisO54Ufm8Ih+mtaiqexDPz1PK3gJ22HuF2LPSuKG/ArCnB78TRm2UO3NEww1clwX0RmgM5LBLteHbUbhOA==",
      "dependencies": {
        "@wapc/as-msgpack": "^0.1.15",
        "as-base64": "^0.2.0",
        "as-bignum": "^0.2.31",
        "assemblyscript-json": "^1.1.0"
      }
    },
    "node_modules/@wapc/as-msgpack": {
      "version": "0.1.15",
      "resolved": "https://registry.npmjs.org/@wapc/as-msgpack/-/as-msgpack-0.1.15.tgz",
      "integrity": "sha512-hWxSEvG71ep/ygEmqt2ZBc0/d71wR+yJzZd9+PLDpyHV4O9EZNsS4ib/2LxvXfryncdYEezHwOU9J2VZSrVqqw=="
    },
    "node_modules/as-base64": {
      "version": "0.2.0",
      "resolved": "https://registry.npmjs.org/as-base64/-/as-base64-0.2.0.tgz",
      "integrity": "sha512-j6JxprAVN4SXUcZiSChuMBf0JJOCdh5OfrHAepluxmFWuDZZm+YjmfNSk8djUHRPEB+Ui5HGvrz46GLvTJf3ig=="
    },
    "node_modules/as-bignum": {
      "version": "0.2.40",
      "resolved": "https://registry.npmjs.org/as-bignum/-/as-bignum-0.2.40.tgz",
      "integrity": "sha512-fql9j63qUCmWwgWB3qW7+S8vp1DUrqSgFnpn/L3O2bjHMW52GZ0H/DfwLCQUAgQS15gsMsjwzMT14A2KCxu0cA=="
    },
    "node_modules/assemblyscript": {
      "version": "0.27.9",
      "resolved": "https://registry.npmjs.org/assemblyscript/-/assemblyscript-0.27.9.tgz",
      "integrity": "sha512-cFE/AMjVtBQ2iKFZPu/a3Z/KJzGex61C+X+y3GuLJ8Hr9Zdf46sy/JlIl6ikothQd2umM9CQDAD/uAPAEHL+oA==",
      "dev": true,
      "dependencies": {
        "binaryen": "112.0.0-nightly.20230411",
        "long": "^5.2.1"
      },
      "bin": {
        "asc": "bin/asc.js",
        "asinit": "bin/asinit.js"
      },
      "engines": {
        "node": ">=16",
        "npm": ">=7"
      },
      "funding": {
        "type": "opencollective",
        "url": "https://opencollective.com/assemblyscript"
      }
    },
    "node_modules/assemblyscript-json": {
      "version": "1.1.0",
      "resolved": "https://registry.npmjs.org/assemblyscript-json/-/assemblyscript-json-1.1.0.tgz",
      "integrity": "sha512-UbE8ts8csTWQgd5TnSPN7MRV9NveuHv1bVnKmDLoo/tzjqxkmsZb3lu59Uk8H7SGoqdkDSEE049alx/nHnSdFw=="
    },
    "node_modules/binaryen": {
      "version": "112.0.0-nightly.20230411",
      "resolved": "https://registry.npmjs.org/binaryen/-/binaryen-112.0.0-nightly.20230411.tgz",
      "integrity": "sha512-4V9r9x9fjAVFZdR2yvBFc3BEJJIBYvd2X8X8k0zAuJsao2gl9wNHDmpQ30QsLo6hgkRfRImkCbCjhXW3RDOYXQ==",
      "dev": true,
      "bin": {
        "wasm-opt": "bin/wasm-opt",
        "wasm2js": "bin/wasm2js"
      }
    },
    "node_modules/long": {
      "version": "5.2.3",
      "resolved": "https://registry.npmjs.org/long/-/long-5.2.3.tgz",
      "integrity": "sha512-lcHwpNoggQTObv5apGNCTdJrO69eHOZMi4BNC+rTLER8iHAqGrUVeLh/irVIM7zTw2bOXA8T6uNPeujwOLg/2Q==",
      "dev": true
    }
  }
}
